// !$*UTF8*$!
{
	archiveVersion = 1;
	classes = {
	};
	objectVersion = 48;
	objects = {

/* Begin PBXBuildFile section */
		D6F4B8BB1FB929520075DDB1 /* AppDelegate.m in Sources */ = {isa = PBXBuildFile; fileRef = D6F4B8BA1FB929520075DDB1 /* AppDelegate.m */; };
		D6F4B8BE1FB929520075DDB1 /* ViewController.m in Sources */ = {isa = PBXBuildFile; fileRef = D6F4B8BD1FB929520075DDB1 /* ViewController.m */; };
		D6F4B8C11FB929520075DDB1 /* Main.storyboard in Resources */ = {isa = PBXBuildFile; fileRef = D6F4B8BF1FB929520075DDB1 /* Main.storyboard */; };
		D6F4B8C31FB929520075DDB1 /* Assets.xcassets in Resources */ = {isa = PBXBuildFile; fileRef = D6F4B8C21FB929520075DDB1 /* Assets.xcassets */; };
		D6F4B8C61FB929520075DDB1 /* LaunchScreen.storyboard in Resources */ = {isa = PBXBuildFile; fileRef = D6F4B8C41FB929520075DDB1 /* LaunchScreen.storyboard */; };
		D6F4B8C91FB929520075DDB1 /* main.m in Sources */ = {isa = PBXBuildFile; fileRef = D6F4B8C81FB929520075DDB1 /* main.m */; };
		D6F4B8D31FB929530075DDB1 /* WLCreateXLSUITests.m in Sources */ = {isa = PBXBuildFile; fileRef = D6F4B8D21FB929530075DDB1 /* WLCreateXLSUITests.m */; };
		D6F4B8DF1FB92A6F0075DDB1 /* WLCreateXLS.m in Sources */ = {isa = PBXBuildFile; fileRef = D6F4B8DE1FB92A6F0075DDB1 /* WLCreateXLS.m */; };
		D6F4B8E21FB95AD90075DDB1 /* XLSTableViewController.m in Sources */ = {isa = PBXBuildFile; fileRef = D6F4B8E11FB95AD90075DDB1 /* XLSTableViewController.m */; };
/* End PBXBuildFile section */

/* Begin PBXContainerItemProxy section */
		D6F4B8CF1FB929530075DDB1 /* PBXContainerItemProxy */ = {
			isa = PBXContainerItemProxy;
			containerPortal = D6F4B8AE1FB929520075DDB1 /* Project object */;
			proxyType = 1;
			remoteGlobalIDString = D6F4B8B51FB929520075DDB1;
			remoteInfo = WLCreateXLS;
		};
/* End PBXContainerItemProxy section */

/* Begin PBXFileReference section */
		D6F4B8B61FB929520075DDB1 /* WLCreateXLS.app */ = {isa = PBXFileReference; explicitFileType = wrapper.application; includeInIndex = 0; path = WLCreateXLS.app; sourceTree = BUILT_PRODUCTS_DIR; };
		D6F4B8B91FB929520075DDB1 /* AppDelegate.h */ = {isa = PBXFileReference; lastKnownFileType = sourcecode.c.h; path = AppDelegate.h; sourceTree = "<group>"; };
		D6F4B8BA1FB929520075DDB1 /* AppDelegate.m */ = {isa = PBXFileReference; lastKnownFileType = sourcecode.c.objc; path = AppDelegate.m; sourceTree = "<group>"; };
		D6F4B8BC1FB929520075DDB1 /* ViewController.h */ = {isa = PBXFileReference; lastKnownFileType = sourcecode.c.h; path = ViewController.h; sourceTree = "<group>"; };
		D6F4B8BD1FB929520075DDB1 /* ViewController.m */ = {isa = PBXFileReference; lastKnownFileType = sourcecode.c.objc; path = ViewController.m; sourceTree = "<group>"; };
		D6F4B8C01FB929520075DDB1 /* Base */ = {isa = PBXFileReference; lastKnownFileType = file.storyboard; name = Base; path = Base.lproj/Main.storyboard; sourceTree = "<group>"; };
		D6F4B8C21FB929520075DDB1 /* Assets.xcassets */ = {isa = PBXFileReference; lastKnownFileType = folder.assetcatalog; path = Assets.xcassets; sourceTree = "<group>"; };
		D6F4B8C51FB929520075DDB1 /* Base */ = {isa = PBXFileReference; lastKnownFileType = file.storyboard; name = Base; path = Base.lproj/LaunchScreen.storyboard; sourceTree = "<group>"; };
		D6F4B8C71FB929520075DDB1 /* Info.plist */ = {isa = PBXFileReference; lastKnownFileType = text.plist.xml; path = Info.plist; sourceTree = "<group>"; };
		D6F4B8C81FB929520075DDB1 /* main.m */ = {isa = PBXFileReference; lastKnownFileType = sourcecode.c.objc; path = main.m; sourceTree = "<group>"; };
		D6F4B8CE1FB929530075DDB1 /* WLCreateXLSUITests.xctest */ = {isa = PBXFileReference; explicitFileType = wrapper.cfbundle; includeInIndex = 0; path = WLCreateXLSUITests.xctest; sourceTree = BUILT_PRODUCTS_DIR; };
		D6F4B8D21FB929530075DDB1 /* WLCreateXLSUITests.m */ = {isa = PBXFileReference; lastKnownFileType = sourcecode.c.objc; path = WLCreateXLSUITests.m; sourceTree = "<group>"; };
		D6F4B8D41FB929530075DDB1 /* Info.plist */ = {isa = PBXFileReference; lastKnownFileType = text.plist.xml; path = Info.plist; sourceTree = "<group>"; };
		D6F4B8DD1FB92A6F0075DDB1 /* WLCreateXLS.h */ = {isa = PBXFileReference; lastKnownFileType = sourcecode.c.h; path = WLCreateXLS.h; sourceTree = "<group>"; };
		D6F4B8DE1FB92A6F0075DDB1 /* WLCreateXLS.m */ = {isa = PBXFileReference; lastKnownFileType = sourcecode.c.objc; path = WLCreateXLS.m; sourceTree = "<group>"; };
		D6F4B8E01FB95AD90075DDB1 /* XLSTableViewController.h */ = {isa = PBXFileReference; lastKnownFileType = sourcecode.c.h; path = XLSTableViewController.h; sourceTree = "<group>"; };
		D6F4B8E11FB95AD90075DDB1 /* XLSTableViewController.m */ = {isa = PBXFileReference; lastKnownFileType = sourcecode.c.objc; path = XLSTableViewController.m; sourceTree = "<group>"; };
/* End PBXFileReference section */

/* Begin PBXFrameworksBuildPhase section */
		D6F4B8B31FB929520075DDB1 /* Frameworks */ = {
			isa = PBXFrameworksBuildPhase;
			buildActionMask = 2147483647;
			files = (
			);
			runOnlyForDeploymentPostprocessing = 0;
		};
		D6F4B8CB1FB929530075DDB1 /* Frameworks */ = {
			isa = PBXFrameworksBuildPhase;
			buildActionMask = 2147483647;
			files = (
			);
			runOnlyForDeploymentPostprocessing = 0;
		};
/* End PBXFrameworksBuildPhase section */

/* Begin PBXGroup section */
		D6F4B8AD1FB929520075DDB1 = {
			isa = PBXGroup;
			children = (
				D6F4B8B81FB929520075DDB1 /* WLCreateXLS */,
				D6F4B8D11FB929530075DDB1 /* WLCreateXLSUITests */,
				D6F4B8B71FB929520075DDB1 /* Products */,
			);
			sourceTree = "<group>";
		};
		D6F4B8B71FB929520075DDB1 /* Products */ = {
			isa = PBXGroup;
			children = (
				D6F4B8B61FB929520075DDB1 /* WLCreateXLS.app */,
				D6F4B8CE1FB929530075DDB1 /* WLCreateXLSUITests.xctest */,
			);
			name = Products;
			sourceTree = "<group>";
		};
		D6F4B8B81FB929520075DDB1 /* WLCreateXLS */ = {
			isa = PBXGroup;
			children = (
				D6F4B8B91FB929520075DDB1 /* AppDelegate.h */,
				D6F4B8BA1FB929520075DDB1 /* AppDelegate.m */,
				D6F4B8BC1FB929520075DDB1 /* ViewController.h */,
				D6F4B8BD1FB929520075DDB1 /* ViewController.m */,
				D6F4B8E01FB95AD90075DDB1 /* XLSTableViewController.h */,
				D6F4B8E11FB95AD90075DDB1 /* XLSTableViewController.m */,
				D6F4B8DD1FB92A6F0075DDB1 /* WLCreateXLS.h */,
				D6F4B8DE1FB92A6F0075DDB1 /* WLCreateXLS.m */,
				D6F4B8BF1FB929520075DDB1 /* Main.storyboard */,
				D6F4B8C21FB929520075DDB1 /* Assets.xcassets */,
				D6F4B8C41FB929520075DDB1 /* LaunchScreen.storyboard */,
				D6F4B8C71FB929520075DDB1 /* Info.plist */,
				D6F4B8C81FB929520075DDB1 /* main.m */,
			);
			path = WLCreateXLS;
			sourceTree = "<group>";
		};
		D6F4B8D11FB929530075DDB1 /* WLCreateXLSUITests */ = {
			isa = PBXGroup;
			children = (
				D6F4B8D21FB929530075DDB1 /* WLCreateXLSUITests.m */,
				D6F4B8D41FB929530075DDB1 /* Info.plist */,
			);
			path = WLCreateXLSUITests;
			sourceTree = "<group>";
		};
/* End PBXGroup section */

/* Begin PBXNativeTarget section */
		D6F4B8B51FB929520075DDB1 /* WLCreateXLS */ = {
			isa = PBXNativeTarget;
			buildConfigurationList = D6F4B8D71FB929530075DDB1 /* Build configuration list for PBXNativeTarget "WLCreateXLS" */;
			buildPhases = (
				D6F4B8B21FB929520075DDB1 /* Sources */,
				D6F4B8B31FB929520075DDB1 /* Frameworks */,
				D6F4B8B41FB929520075DDB1 /* Resources */,
			);
			buildRules = (
			);
			dependencies = (
			);
			name = WLCreateXLS;
			productName = WLCreateXLS;
			productReference = D6F4B8B61FB929520075DDB1 /* WLCreateXLS.app */;
			productType = "com.apple.product-type.application";
		};
		D6F4B8CD1FB929530075DDB1 /* WLCreateXLSUITests */ = {
			isa = PBXNativeTarget;
			buildConfigurationList = D6F4B8DA1FB929530075DDB1 /* Build configuration list for PBXNativeTarget "WLCreateXLSUITests" */;
			buildPhases = (
				D6F4B8CA1FB929530075DDB1 /* Sources */,
				D6F4B8CB1FB929530075DDB1 /* Frameworks */,
				D6F4B8CC1FB929530075DDB1 /* Resources */,
			);
			buildRules = (
			);
			dependencies = (
				D6F4B8D01FB929530075DDB1 /* PBXTargetDependency */,
			);
			name = WLCreateXLSUITests;
			productName = WLCreateXLSUITests;
			productReference = D6F4B8CE1FB929530075DDB1 /* WLCreateXLSUITests.xctest */;
			productType = "com.apple.product-type.bundle.ui-testing";
		};
/* End PBXNativeTarget section */

/* Begin PBXProject section */
		D6F4B8AE1FB929520075DDB1 /* Project object */ = {
			isa = PBXProject;
			attributes = {
				LastUpgradeCheck = 0900;
				ORGANIZATIONNAME = "张子豪";
				TargetAttributes = {
					D6F4B8B51FB929520075DDB1 = {
						CreatedOnToolsVersion = 9.0;
						ProvisioningStyle = Automatic;
					};
					D6F4B8CD1FB929530075DDB1 = {
						CreatedOnToolsVersion = 9.0;
						ProvisioningStyle = Automatic;
						TestTargetID = D6F4B8B51FB929520075DDB1;
					};
				};
			};
			buildConfigurationList = D6F4B8B11FB929520075DDB1 /* Build configuration list for PBXProject "WLCreateXLS" */;
			compatibilityVersion = "Xcode 8.0";
			developmentRegion = en;
			hasScannedForEncodings = 0;
			knownRegions = (
				en,
				Base,
			);
			mainGroup = D6F4B8AD1FB929520075DDB1;
			productRefGroup = D6F4B8B71FB929520075DDB1 /* Products */;
			projectDirPath = "";
			projectRoot = "";
			targets = (
				D6F4B8B51FB929520075DDB1 /* WLCreateXLS */,
				D6F4B8CD1FB929530075DDB1 /* WLCreateXLSUITests */,
			);
		};
/* End PBXProject section */

/* Begin PBXResourcesBuildPhase section */
		D6F4B8B41FB929520075DDB1 /* Resources */ = {
			isa = PBXResourcesBuildPhase;
			buildActionMask = 2147483647;
			files = (
				D6F4B8C61FB929520075DDB1 /* LaunchScreen.storyboard in Resources */,
				D6F4B8C31FB929520075DDB1 /* Assets.xcassets in Resources */,
				D6F4B8C11FB929520075DDB1 /* Main.storyboard in Resources */,
			);
			runOnlyForDeploymentPostprocessing = 0;
		};
		D6F4B8CC1FB929530075DDB1 /* Resources */ = {
			isa = PBXResourcesBuildPhase;
			buildActionMask = 2147483647;
			files = (
			);
			runOnlyForDeploymentPostprocessing = 0;
		};
/* End PBXResourcesBuildPhase section */

/* Begin PBXSourcesBuildPhase section */
		D6F4B8B21FB929520075DDB1 /* Sources */ = {
			isa = PBXSourcesBuildPhase;
			buildActionMask = 2147483647;
			files = (
				D6F4B8BE1FB929520075DDB1 /* ViewController.m in Sources */,
				D6F4B8E21FB95AD90075DDB1 /* XLSTableViewController.m in Sources */,
				D6F4B8C91FB929520075DDB1 /* main.m in Sources */,
				D6F4B8DF1FB92A6F0075DDB1 /* WLCreateXLS.m in Sources */,
				D6F4B8BB1FB929520075DDB1 /* AppDelegate.m in Sources */,
			);
			runOnlyForDeploymentPostprocessing = 0;
		};
		D6F4B8CA1FB929530075DDB1 /* Sources */ = {
			isa = PBXSourcesBuildPhase;
			buildActionMask = 2147483647;
			files = (
				D6F4B8D31FB929530075DDB1 /* WLCreateXLSUITests.m in Sources */,
			);
			runOnlyForDeploymentPostprocessing = 0;
		};
/* End PBXSourcesBuildPhase section */

/* Begin PBXTargetDependency section */
		D6F4B8D01FB929530075DDB1 /* PBXTargetDependency */ = {
			isa = PBXTargetDependency;
			target = D6F4B8B51FB929520075DDB1 /* WLCreateXLS */;
			targetProxy = D6F4B8CF1FB929530075DDB1 /* PBXContainerItemProxy */;
		};
/* End PBXTargetDependency section */

/* Begin PBXVariantGroup section */
		D6F4B8BF1FB929520075DDB1 /* Main.storyboard */ = {
			isa = PBXVariantGroup;
			children = (
				D6F4B8C01FB929520075DDB1 /* Base */,
			);
			name = Main.storyboard;
			sourceTree = "<group>";
		};
		D6F4B8C41FB929520075DDB1 /* LaunchScreen.storyboard */ = {
			isa = PBXVariantGroup;
			children = (
				D6F4B8C51FB929520075DDB1 /* Base */,
			);
			name = LaunchScreen.storyboard;
			sourceTree = "<group>";
		};
/* End PBXVariantGroup section */

/* Begin XCBuildConfiguration section */
		D6F4B8D51FB929530075DDB1 /* Debug */ = {
			isa = XCBuildConfiguration;
			buildSettings = {
				ALWAYS_SEARCH_USER_PATHS = NO;
				CLANG_ANALYZER_NONNULL = YES;
				CLANG_ANALYZER_NUMBER_OBJECT_CONVERSION = YES_AGGRESSIVE;
				CLANG_CXX_LANGUAGE_STANDARD = "gnu++14";
				CLANG_CXX_LIBRARY = "libc++";
				CLANG_ENABLE_MODULES = YES;
				CLANG_ENABLE_OBJC_ARC = YES;
				CLANG_WARN_BLOCK_CAPTURE_AUTORELEASING = YES;
				CLANG_WARN_BOOL_CONVERSION = YES;
				CLANG_WARN_COMMA = YES;
				CLANG_WARN_CONSTANT_CONVERSION = YES;
				CLANG_WARN_DIRECT_OBJC_ISA_USAGE = YES_ERROR;
				CLANG_WARN_DOCUMENTATION_COMMENTS = YES;
				CLANG_WARN_EMPTY_BODY = YES;
				CLANG_WARN_ENUM_CONVERSION = YES;
				CLANG_WARN_INFINITE_RECURSION = YES;
				CLANG_WARN_INT_CONVERSION = YES;
				CLANG_WARN_NON_LITERAL_NULL_CONVERSION = YES;
				CLANG_WARN_OBJC_LITERAL_CONVERSION = YES;
				CLANG_WARN_OBJC_ROOT_CLASS = YES_ERROR;
				CLANG_WARN_RANGE_LOOP_ANALYSIS = YES;
				CLANG_WARN_STRICT_PROTOTYPES = YES;
				CLANG_WARN_SUSPICIOUS_MOVE = YES;
				CLANG_WARN_UNGUARDED_AVAILABILITY = YES_AGGRESSIVE;
				CLANG_WARN_UNREACHABLE_CODE = YES;
				CLANG_WARN__DUPLICATE_METHOD_MATCH = YES;
				CODE_SIGN_IDENTITY = "iPhone Developer";
				COPY_PHASE_STRIP = NO;
				DEBUG_INFORMATION_FORMAT = dwarf;
				ENABLE_STRICT_OBJC_MSGSEND = YES;
				ENABLE_TESTABILITY = YES;
				GCC_C_LANGUAGE_STANDARD = gnu11;
				GCC_DYNAMIC_NO_PIC = NO;
				GCC_NO_COMMON_BLOCKS = YES;
				GCC_OPTIMIZATION_LEVEL = 0;
				GCC_PREPROCESSOR_DEFINITIONS = (
					"DEBUG=1",
					"$(inherited)",
				);
				GCC_WARN_64_TO_32_BIT_CONVERSION = YES;
				GCC_WARN_ABOUT_RETURN_TYPE = YES_ERROR;
				GCC_WARN_UNDECLARED_SELECTOR = YES;
				GCC_WARN_UNINITIALIZED_AUTOS = YES_AGGRESSIVE;
				GCC_WARN_UNUSED_FUNCTION = YES;
				GCC_WARN_UNUSED_VARIABLE = YES;
				IPHONEOS_DEPLOYMENT_TARGET = 11.0;
				MTL_ENABLE_DEBUG_INFO = YES;
				ONLY_ACTIVE_ARCH = YES;
				SDKROOT = iphoneos;
			};
			name = Debug;
		};
		D6F4B8D61FB929530075DDB1 /* Release */ = {
			isa = XCBuildConfiguration;
			buildSettings = {
				ALWAYS_SEARCH_USER_PATHS = NO;
				CLANG_ANALYZER_NONNULL = YES;
				CLANG_ANALYZER_NUMBER_OBJECT_CONVERSION = YES_AGGRESSIVE;
				CLANG_CXX_LANGUAGE_STANDARD = "gnu++14";
				CLANG_CXX_LIBRARY = "libc++";
				CLANG_ENABLE_MODULES = YES;
				CLANG_ENABLE_OBJC_ARC = YES;
				CLANG_WARN_BLOCK_CAPTURE_AUTORELEASING = YES;
				CLANG_WARN_BOOL_CONVERSION = YES;
				CLANG_WARN_COMMA = YES;
				CLANG_WARN_CONSTANT_CONVERSION = YES;
				CLANG_WARN_DIRECT_OBJC_ISA_USAGE = YES_ERROR;
				CLANG_WARN_DOCUMENTATION_COMMENTS = YES;
				CLANG_WARN_EMPTY_BODY = YES;
				CLANG_WARN_ENUM_CONVERSION = YES;
				CLANG_WARN_INFINITE_RECURSION = YES;
				CLANG_WARN_INT_CONVERSION = YES;
				CLANG_WARN_NON_LITERAL_NULL_CONVERSION = YES;
				CLANG_WARN_OBJC_LITERAL_CONVERSION = YES;
				CLANG_WARN_OBJC_ROOT_CLASS = YES_ERROR;
				CLANG_WARN_RANGE_LOOP_ANALYSIS = YES;
				CLANG_WARN_STRICT_PROTOTYPES = YES;
				CLANG_WARN_SUSPICIOUS_MOVE = YES;
				CLANG_WARN_UNGUARDED_AVAILABILITY = YES_AGGRESSIVE;
				CLANG_WARN_UNREACHABLE_CODE = YES;
				CLANG_WARN__DUPLICATE_METHOD_MATCH = YES;
				CODE_SIGN_IDENTITY = "iPhone Developer";
				COPY_PHASE_STRIP = NO;
				DEBUG_INFORMATION_FORMAT = "dwarf-with-dsym";
				ENABLE_NS_ASSERTIONS = NO;
				ENABLE_STRICT_OBJC_MSGSEND = YES;
				GCC_C_LANGUAGE_STANDARD = gnu11;
				GCC_NO_COMMON_BLOCKS = YES;
				GCC_WARN_64_TO_32_BIT_CONVERSION = YES;
				GCC_WARN_ABOUT_RETURN_TYPE = YES_ERROR;
				GCC_WARN_UNDECLARED_SELECTOR = YES;
				GCC_WARN_UNINITIALIZED_AUTOS = YES_AGGRESSIVE;
				GCC_WARN_UNUSED_FUNCTION = YES;
				GCC_WARN_UNUSED_VARIABLE = YES;
				IPHONEOS_DEPLOYMENT_TARGET = 11.0;
				MTL_ENABLE_DEBUG_INFO = NO;
				SDKROOT = iphoneos;
				VALIDATE_PRODUCT = YES;
			};
			name = Release;
		};
		D6F4B8D81FB929530075DDB1 /* Debug */ = {
			isa = XCBuildConfiguration;
			buildSettings = {
				ASSETCATALOG_COMPILER_APPICON_NAME = AppIcon;
				CODE_SIGN_STYLE = Automatic;
				DEVELOPMENT_TEAM = US3V2JJL69;
				INFOPLIST_FILE = WLCreateXLS/Info.plist;
				IPHONEOS_DEPLOYMENT_TARGET = 8.0;
				LD_RUNPATH_SEARCH_PATHS = "$(inherited) @executable_path/Frameworks";
				PRODUCT_BUNDLE_IDENTIFIER = com.mympos.donglianDemo;
				PRODUCT_NAME = "$(TARGET_NAME)";
				TARGETED_DEVICE_FAMILY = "1,2";
			};
			name = Debug;
		};
		D6F4B8D91FB929530075DDB1 /* Release */ = {
			isa = XCBuildConfiguration;
			buildSettings = {
				ASSETCATALOG_COMPILER_APPICON_NAME = AppIcon;
				CODE_SIGN_STYLE = Automatic;
				DEVELOPMENT_TEAM = US3V2JJL69;
				INFOPLIST_FILE = WLCreateXLS/Info.plist;
				IPHONEOS_DEPLOYMENT_TARGET = 8.0;
				LD_RUNPATH_SEARCH_PATHS = "$(inherited) @executable_path/Frameworks";
				PRODUCT_BUNDLE_IDENTIFIER = com.mympos.donglianDemo;
				PRODUCT_NAME = "$(TARGET_NAME)";
				TARGETED_DEVICE_FAMILY = "1,2";
			};
			name = Release;
		};
		D6F4B8DB1FB929530075DDB1 /* Debug */ = {
			isa = XCBuildConfiguration;
			buildSettings = {
				CODE_SIGN_STYLE = Automatic;
				INFOPLIST_FILE = WLCreateXLSUITests/Info.plist;
				LD_RUNPATH_SEARCH_PATHS = "$(inherited) @executable_path/Frameworks @loader_path/Frameworks";
				PRODUCT_BUNDLE_IDENTIFIER = com.mympos.HKAdmin.WLCreateXLSUITests;
				PRODUCT_NAME = "$(TARGET_NAME)";
				TARGETED_DEVICE_FAMILY = "1,2";
				TEST_TARGET_NAME = WLCreateXLS;
			};
			name = Debug;
		};
		D6F4B8DC1FB929530075DDB1 /* Release */ = {
			isa = XCBuildConfiguration;
			buildSettings = {
				CODE_SIGN_STYLE = Automatic;
				INFOPLIST_FILE = WLCreateXLSUITests/Info.plist;
				LD_RUNPATH_SEARCH_PATHS = "$(inherited) @executable_path/Frameworks @loader_path/Frameworks";
				PRODUCT_BUNDLE_IDENTIFIER = com.mympos.HKAdmin.WLCreateXLSUITests;
				PRODUCT_NAME = "$(TARGET_NAME)";
				TARGETED_DEVICE_FAMILY = "1,2";
				TEST_TARGET_NAME = WLCreateXLS;
			};
			name = Release;
		};
/* End XCBuildConfiguration section */

/* Begin XCConfigurationList section */
		D6F4B8B11FB929520075DDB1 /* Build configuration list for PBXProject "WLCreateXLS" */ = {
			isa = XCConfigurationList;
			buildConfigurations = (
				D6F4B8D51FB929530075DDB1 /* Debug */,
				D6F4B8D61FB929530075DDB1 /* Release */,
			);
			defaultConfigurationIsVisible = 0;
			defaultConfigurationName = Release;
		};
		D6F4B8D71FB929530075DDB1 /* Build configuration list for PBXNativeTarget "WLCreateXLS" */ = {
			isa = XCConfigurationList;
			buildConfigurations = (
				D6F4B8D81FB929530075DDB1 /* Debug */,
				D6F4B8D91FB929530075DDB1 /* Release */,
			);
			defaultConfigurationIsVisible = 0;
			defaultConfigurationName = Release;
		};
		D6F4B8DA1FB929530075DDB1 /* Build configuration list for PBXNativeTarget "WLCreateXLSUITests" */ = {
			isa = XCConfigurationList;
			buildConfigurations = (
				D6F4B8DB1FB929530075DDB1 /* Debug */,
				D6F4B8DC1FB929530075DDB1 /* Release */,
			);
			defaultConfigurationIsVisible = 0;
			defaultConfigurationName = Release;
		};
/* End XCConfigurationList section */
	};
	rootObject = D6F4B8AE1FB929520075DDB1 /* Project object */;
}
